
Microsoft Visual Studio Solution File, Format Version 12.00
# Visual Studio Version 17
VisualStudioVersion = 17.3.32929.385
MinimumVisualStudioVersion = 10.0.40219.1
Project("{FAE04EC0-301F-11D3-BF4B-00C04F79EFBC}") = "LakoparkProjekt", "LakoparkProjekt\LakoparkProjekt.csproj", "{69982C5D-AD28-4940-A2A7-E428B1B98D3E}"
EndProject
Global
	GlobalSection(SolutionConfigurationPlatforms) = preSolution
		Debug|Any CPU = Debug|Any CPU
		Release|Any CPU = Release|Any CPU
	EndGlobalSection
	GlobalSection(ProjectConfigurationPlatforms) = postSolution
		{69982C5D-AD28-4940-A2A7-E428B1B98D3E}.Debug|Any CPU.ActiveCfg = Debug|Any CPU
		{69982C5D-AD28-4940-A2A7-E428B1B98D3E}.Debug|Any CPU.Build.0 = Debug|Any CPU
		{69982C5D-AD28-4940-A2A7-E428B1B98D3E}.Release|Any CPU.ActiveCfg = Release|Any CPU
		{69982C5D-AD28-4940-A2A7-E428B1B98D3E}.Release|Any CPU.Build.0 = Release|Any CPU
	EndGlobalSection
	GlobalSection(SolutionProperties) = preSolution
		HideSolutionNode = FALSE
	EndGlobalSection
	GlobalSection(ExtensibilityGlobals) = postSolution
		SolutionGuid = {5BEE9F5D-1950-487B-8121-F7A6BDA3BE2D}
	EndGlobalSection
EndGlobal
